# This file is generated by running "yarn install" inside your project.
# Manual changes might be lost - proceed with caution!

__metadata:
  version: 8
  cacheKey: 10

"prettier-plugin-tailwindcss@npm:^0.5.14":
  version: 0.5.14
  resolution: "prettier-plugin-tailwindcss@npm:0.5.14"
  peerDependencies:
    "@ianvs/prettier-plugin-sort-imports": "*"
    "@prettier/plugin-pug": "*"
    "@shopify/prettier-plugin-liquid": "*"
    "@trivago/prettier-plugin-sort-imports": "*"
    "@zackad/prettier-plugin-twig-melody": "*"
    prettier: ^3.0
    prettier-plugin-astro: "*"
    prettier-plugin-css-order: "*"
    prettier-plugin-import-sort: "*"
    prettier-plugin-jsdoc: "*"
    prettier-plugin-marko: "*"
    prettier-plugin-organize-attributes: "*"
    prettier-plugin-organize-imports: "*"
    prettier-plugin-sort-imports: "*"
    prettier-plugin-style-order: "*"
    prettier-plugin-svelte: "*"
  peerDependenciesMeta:
    "@ianvs/prettier-plugin-sort-imports":
      optional: true
    "@prettier/plugin-pug":
      optional: true
    "@shopify/prettier-plugin-liquid":
      optional: true
    "@trivago/prettier-plugin-sort-imports":
      optional: true
    "@zackad/prettier-plugin-twig-melody":
      optional: true
    prettier-plugin-astro:
      optional: true
    prettier-plugin-css-order:
      optional: true
    prettier-plugin-import-sort:
      optional: true
    prettier-plugin-jsdoc:
      optional: true
    prettier-plugin-marko:
      optional: true
    prettier-plugin-organize-attributes:
      optional: true
    prettier-plugin-organize-imports:
      optional: true
    prettier-plugin-sort-imports:
      optional: true
    prettier-plugin-style-order:
      optional: true
    prettier-plugin-svelte:
      optional: true
  checksum: 10/8cb1e9d914012bfe42b23ba8d31fb3fe17abbbb18ad8ba33e6b81c05a92f7e1dd46836179cde7cf036a628081c9e4bbdf971b17f45844a139781e807b81229a9
  languageName: node
  linkType: hard

"prettier@npm:^3.2.5":
  version: 3.2.5
  resolution: "prettier@npm:3.2.5"
  bin:
    prettier: bin/prettier.cjs
  checksum: 10/d509f9da0b70e8cacc561a1911c0d99ec75117faed27b95cc8534cb2349667dee6351b0ca83fa9d5703f14127faa52b798de40f5705f02d843da133fc3aa416a
  languageName: node
  linkType: hard

"typescript@npm:^5.4.5":
  version: 5.4.5
  resolution: "typescript@npm:5.4.5"
  bin:
    tsc: bin/tsc
    tsserver: bin/tsserver
  checksum: 10/d04a9e27e6d83861f2126665aa8d84847e8ebabcea9125b9ebc30370b98cb38b5dff2508d74e2326a744938191a83a69aa9fddab41f193ffa43eabfdf3f190a5
  languageName: node
  linkType: hard

"typescript@patch:typescript@npm%3A^5.4.5#optional!builtin<compat/typescript>":
  version: 5.4.5
  resolution: "typescript@patch:typescript@npm%3A5.4.5#optional!builtin<compat/typescript>::version=5.4.5&hash=5adc0c"
  bin:
    tsc: bin/tsc
    tsserver: bin/tsserver
  checksum: 10/760f7d92fb383dbf7dee2443bf902f4365db2117f96f875cf809167f6103d55064de973db9f78fe8f31ec08fff52b2c969aee0d310939c0a3798ec75d0bca2e1
  languageName: node
  linkType: hard

"yarn-4@workspace:.":
  version: 0.0.0-use.local
  resolution: "yarn-4@workspace:."
  dependencies:
    prettier: "npm:^3.2.5"
    prettier-plugin-tailwindcss: "npm:^0.5.14"
    typescript: "npm:^5.4.5"
  languageName: unknown
  linkType: soft
